# This file is automatically @generated by Poetry 2.1.2 and should not be changed by hand.

[[package]]
name = "ruff"
version = "0.11.11"
description = "An extremely fast Python linter and code formatter, written in Rust."
optional = false
python-versions = ">=3.7"
groups = ["dev"]
files = [
    {file = "ruff-0.11.11-py3-none-linux_armv6l.whl", hash = "sha256:9924e5ae54125ed8958a4f7de320dab7380f6e9fa3195e3dc3b137c6842a0092"},
    {file = "ruff-0.11.11-py3-none-macosx_10_12_x86_64.whl", hash = "sha256:c8a93276393d91e952f790148eb226658dd275cddfde96c6ca304873f11d2ae4"},
    {file = "ruff-0.11.11-py3-none-macosx_11_0_arm64.whl", hash = "sha256:d6e333dbe2e6ae84cdedefa943dfd6434753ad321764fd937eef9d6b62022bcd"},
    {file = "ruff-0.11.11-py3-none-manylinux_2_17_aarch64.manylinux2014_aarch64.whl", hash = "sha256:7885d9a5e4c77b24e8c88aba8c80be9255fa22ab326019dac2356cff42089fc6"},
    {file = "ruff-0.11.11-py3-none-manylinux_2_17_armv7l.manylinux2014_armv7l.whl", hash = "sha256:1b5ab797fcc09121ed82e9b12b6f27e34859e4227080a42d090881be888755d4"},
    {file = "ruff-0.11.11-py3-none-manylinux_2_17_i686.manylinux2014_i686.whl", hash = "sha256:e231ff3132c1119ece836487a02785f099a43992b95c2f62847d29bace3c75ac"},
    {file = "ruff-0.11.11-py3-none-manylinux_2_17_ppc64.manylinux2014_ppc64.whl", hash = "sha256:a97c9babe1d4081037a90289986925726b802d180cca784ac8da2bbbc335f709"},
    {file = "ruff-0.11.11-py3-none-manylinux_2_17_ppc64le.manylinux2014_ppc64le.whl", hash = "sha256:d8c4ddcbe8a19f59f57fd814b8b117d4fcea9bee7c0492e6cf5fdc22cfa563c8"},
    {file = "ruff-0.11.11-py3-none-manylinux_2_17_s390x.manylinux2014_s390x.whl", hash = "sha256:6224076c344a7694c6fbbb70d4f2a7b730f6d47d2a9dc1e7f9d9bb583faf390b"},
    {file = "ruff-0.11.11-py3-none-manylinux_2_17_x86_64.manylinux2014_x86_64.whl", hash = "sha256:882821fcdf7ae8db7a951df1903d9cb032bbe838852e5fc3c2b6c3ab54e39875"},
    {file = "ruff-0.11.11-py3-none-musllinux_1_2_aarch64.whl", hash = "sha256:dcec2d50756463d9df075a26a85a6affbc1b0148873da3997286caf1ce03cae1"},
    {file = "ruff-0.11.11-py3-none-musllinux_1_2_armv7l.whl", hash = "sha256:99c28505ecbaeb6594701a74e395b187ee083ee26478c1a795d35084d53ebd81"},
    {file = "ruff-0.11.11-py3-none-musllinux_1_2_i686.whl", hash = "sha256:9263f9e5aa4ff1dec765e99810f1cc53f0c868c5329b69f13845f699fe74f639"},
    {file = "ruff-0.11.11-py3-none-musllinux_1_2_x86_64.whl", hash = "sha256:64ac6f885e3ecb2fdbb71de2701d4e34526651f1e8503af8fb30d4915a3fe345"},
    {file = "ruff-0.11.11-py3-none-win32.whl", hash = "sha256:1adcb9a18802268aaa891ffb67b1c94cd70578f126637118e8099b8e4adcf112"},
    {file = "ruff-0.11.11-py3-none-win_amd64.whl", hash = "sha256:748b4bb245f11e91a04a4ff0f96e386711df0a30412b9fe0c74d5bdc0e4a531f"},
    {file = "ruff-0.11.11-py3-none-win_arm64.whl", hash = "sha256:6c51f136c0364ab1b774767aa8b86331bd8e9d414e2d107db7a2189f35ea1f7b"},
    {file = "ruff-0.11.11.tar.gz", hash = "sha256:7774173cc7c1980e6bf67569ebb7085989a78a103922fb83ef3dfe230cd0687d"},
]

[metadata]
lock-version = "2.1"
python-versions = "^3.11"
content-hash = "5f1b99ee6157ea82a4ef75f0e1cfdb6ba47b5a819b36f90d08e94a5058ba237d"
